
Microsoft Visual Studio Solution File, Format Version 12.00
# Visual Studio Version 16
VisualStudioVersion = 16.0.30011.22
MinimumVisualStudioVersion = 10.0.40219.1
Project("{FAE04EC0-301F-11D3-BF4B-00C04F79EFBC}") = "ConsoleEx000", "ConsoleEx000.csproj", "{56017DC9-9EF6-4699-9A22-45E1DACC7805}"
EndProject
Global
	GlobalSection(SolutionConfigurationPlatforms) = preSolution
		Debug|Any CPU = Debug|Any CPU
		Release|Any CPU = Release|Any CPU
	EndGlobalSection
	GlobalSection(ProjectConfigurationPlatforms) = postSolution
		{56017DC9-9EF6-4699-9A22-45E1DACC7805}.Debug|Any CPU.ActiveCfg = Debug|Any CPU
		{56017DC9-9EF6-4699-9A22-45E1DACC7805}.Debug|Any CPU.Build.0 = Debug|Any CPU
		{56017DC9-9EF6-4699-9A22-45E1DACC7805}.Release|Any CPU.ActiveCfg = Release|Any CPU
		{56017DC9-9EF6-4699-9A22-45E1DACC7805}.Release|Any CPU.Build.0 = Release|Any CPU
	EndGlobalSection
	GlobalSection(SolutionProperties) = preSolution
		HideSolutionNode = FALSE
	EndGlobalSection
	GlobalSection(ExtensibilityGlobals) = postSolution
		SolutionGuid = {01CE881C-7E9C-45DC-A899-C6DB6325450E}
	EndGlobalSection
EndGlobal
