
Microsoft Visual Studio Solution File, Format Version 12.00
# Visual Studio Version 16
VisualStudioVersion = 16.0.30011.22
MinimumVisualStudioVersion = 10.0.40219.1
Project("{FAE04EC0-301F-11D3-BF4B-00C04F79EFBC}") = "Teste1", "Teste1\Teste1.csproj", "{ED74DAD8-D05E-4912-BF10-49CABC3F9EE3}"
EndProject
Project("{FAE04EC0-301F-11D3-BF4B-00C04F79EFBC}") = "WindowsFormsApp1", "WindowsFormsApp1\WindowsFormsApp1.csproj", "{6B46271B-8973-4563-81F2-87CA3845281F}"
EndProject
Project("{FAE04EC0-301F-11D3-BF4B-00C04F79EFBC}") = "Teste3", "Teste3\Teste3.csproj", "{BD19035C-1742-4636-8458-2A5990AED243}"
EndProject
Global
	GlobalSection(SolutionConfigurationPlatforms) = preSolution
		Debug|Any CPU = Debug|Any CPU
		Release|Any CPU = Release|Any CPU
	EndGlobalSection
	GlobalSection(ProjectConfigurationPlatforms) = postSolution
		{ED74DAD8-D05E-4912-BF10-49CABC3F9EE3}.Debug|Any CPU.ActiveCfg = Debug|Any CPU
		{ED74DAD8-D05E-4912-BF10-49CABC3F9EE3}.Debug|Any CPU.Build.0 = Debug|Any CPU
		{ED74DAD8-D05E-4912-BF10-49CABC3F9EE3}.Release|Any CPU.ActiveCfg = Release|Any CPU
		{ED74DAD8-D05E-4912-BF10-49CABC3F9EE3}.Release|Any CPU.Build.0 = Release|Any CPU
		{6B46271B-8973-4563-81F2-87CA3845281F}.Debug|Any CPU.ActiveCfg = Debug|Any CPU
		{6B46271B-8973-4563-81F2-87CA3845281F}.Debug|Any CPU.Build.0 = Debug|Any CPU
		{6B46271B-8973-4563-81F2-87CA3845281F}.Release|Any CPU.ActiveCfg = Release|Any CPU
		{6B46271B-8973-4563-81F2-87CA3845281F}.Release|Any CPU.Build.0 = Release|Any CPU
		{BD19035C-1742-4636-8458-2A5990AED243}.Debug|Any CPU.ActiveCfg = Debug|Any CPU
		{BD19035C-1742-4636-8458-2A5990AED243}.Debug|Any CPU.Build.0 = Debug|Any CPU
		{BD19035C-1742-4636-8458-2A5990AED243}.Release|Any CPU.ActiveCfg = Release|Any CPU
		{BD19035C-1742-4636-8458-2A5990AED243}.Release|Any CPU.Build.0 = Release|Any CPU
	EndGlobalSection
	GlobalSection(SolutionProperties) = preSolution
		HideSolutionNode = FALSE
	EndGlobalSection
	GlobalSection(ExtensibilityGlobals) = postSolution
		SolutionGuid = {9E433B9A-482C-41DA-AA57-4FDF2F710E93}
	EndGlobalSection
EndGlobal
