
Microsoft Visual Studio Solution File, Format Version 12.00
# Visual Studio Version 16
VisualStudioVersion = 16.0.30011.22
MinimumVisualStudioVersion = 10.0.40219.1
Project("{FAE04EC0-301F-11D3-BF4B-00C04F79EFBC}") = "WpfEx000", "WpfEx000.csproj", "{A1E2CB6E-C073-433F-B2E6-0F95F77597AB}"
EndProject
Global
	GlobalSection(SolutionConfigurationPlatforms) = preSolution
		Debug|Any CPU = Debug|Any CPU
		Release|Any CPU = Release|Any CPU
	EndGlobalSection
	GlobalSection(ProjectConfigurationPlatforms) = postSolution
		{A1E2CB6E-C073-433F-B2E6-0F95F77597AB}.Debug|Any CPU.ActiveCfg = Debug|Any CPU
		{A1E2CB6E-C073-433F-B2E6-0F95F77597AB}.Debug|Any CPU.Build.0 = Debug|Any CPU
		{A1E2CB6E-C073-433F-B2E6-0F95F77597AB}.Release|Any CPU.ActiveCfg = Release|Any CPU
		{A1E2CB6E-C073-433F-B2E6-0F95F77597AB}.Release|Any CPU.Build.0 = Release|Any CPU
	EndGlobalSection
	GlobalSection(SolutionProperties) = preSolution
		HideSolutionNode = FALSE
	EndGlobalSection
	GlobalSection(ExtensibilityGlobals) = postSolution
		SolutionGuid = {66288206-8529-4241-9FC6-77E47AE2A9BD}
	EndGlobalSection
EndGlobal
